// !$*UTF8*$!
{
	archiveVersion = 1;
	classes = {
	};
	objectVersion = 77;
	objects = {

/* Begin PBXBuildFile section */
		63CD98A12E9720000F91B4D1 /* MetalHUDShared.swift in Sources */ = {isa = PBXBuildFile; fileRef = 63CD98A02E9720000F91B4D0 /* MetalHUDShared.swift */; };
		633CE0F22DC037D70051AFF1 /* ExportOptions.plist in Resources */ = {isa = PBXBuildFile; fileRef = 633CE0F12DC037D70051AFF1 /* ExportOptions.plist */; };
		635B0BF12E42BAD20002BBB4 /* WidgetKit.framework in Frameworks */ = {isa = PBXBuildFile; fileRef = 635B0BD32E42B4AC0002BBB4 /* WidgetKit.framework */; };
		635B0BF22E42BAD20002BBB4 /* SwiftUI.framework in Frameworks */ = {isa = PBXBuildFile; fileRef = 635B0BD52E42B4AC0002BBB4 /* SwiftUI.framework */; };
		635B0C012E42BAD30002BBB4 /* MetalHUDHelperWidgetExtension.appex in Embed Foundation Extensions */ = {isa = PBXBuildFile; fileRef = 635B0BF02E42BAD10002BBB4 /* MetalHUDHelperWidgetExtension.appex */; settings = {ATTRIBUTES = (RemoveHeadersOnCopy, ); }; };
		63ACE1272E95BF310068AA9B /* LaunchAtLogin in Frameworks */ = {isa = PBXBuildFile; productRef = 63ACE1262E95BF310068AA9B /* LaunchAtLogin */; };
		63CD97CA2E97135C00F91B4D /* LaunchAtLogin in Frameworks */ = {isa = PBXBuildFile; productRef = 63CD97C92E97135C00F91B4D /* LaunchAtLogin */; };
/* End PBXBuildFile section */

/* Begin PBXContainerItemProxy section */
		635B0BFF2E42BAD30002BBB4 /* PBXContainerItemProxy */ = {
			isa = PBXContainerItemProxy;
			containerPortal = 63E5AC2E2D974CE50084B47E /* Project object */;
			proxyType = 1;
			remoteGlobalIDString = 635B0BEF2E42BAD10002BBB4;
			remoteInfo = MetalHUDHelperWidgetExtension;
		};
/* End PBXContainerItemProxy section */

/* Begin PBXCopyFilesBuildPhase section */
		635B0C062E42BAD30002BBB4 /* Embed Foundation Extensions */ = {
			isa = PBXCopyFilesBuildPhase;
			buildActionMask = 2147483647;
			dstPath = "";
			dstSubfolderSpec = 13;
			files = (
				635B0C012E42BAD30002BBB4 /* MetalHUDHelperWidgetExtension.appex in Embed Foundation Extensions */,
			);
			name = "Embed Foundation Extensions";
			runOnlyForDeploymentPostprocessing = 0;
		};
/* End PBXCopyFilesBuildPhase section */

/* Begin PBXFileReference section */
		63CD98A02E9720000F91B4D0 /* MetalHUDShared.swift */ = {isa = PBXFileReference; lastKnownFileType = sourcecode.swift; name = MetalHUDShared.swift; path = MetalHUDHelper/MetalHUDShared.swift; sourceTree = "<group>"; };
		633CE0F12DC037D70051AFF1 /* ExportOptions.plist */ = {isa = PBXFileReference; lastKnownFileType = text.plist.xml; path = ExportOptions.plist; sourceTree = "<group>"; };
		635B0BD32E42B4AC0002BBB4 /* WidgetKit.framework */ = {isa = PBXFileReference; lastKnownFileType = wrapper.framework; name = WidgetKit.framework; path = System/Library/Frameworks/WidgetKit.framework; sourceTree = SDKROOT; };
		635B0BD52E42B4AC0002BBB4 /* SwiftUI.framework */ = {isa = PBXFileReference; lastKnownFileType = wrapper.framework; name = SwiftUI.framework; path = System/Library/Frameworks/SwiftUI.framework; sourceTree = SDKROOT; };
		635B0BF02E42BAD10002BBB4 /* MetalHUDHelperWidgetExtension.appex */ = {isa = PBXFileReference; explicitFileType = "wrapper.app-extension"; includeInIndex = 0; path = MetalHUDHelperWidgetExtension.appex; sourceTree = BUILT_PRODUCTS_DIR; };
		63E5AC362D974CE50084B47E /* MetalHUDHelper.app */ = {isa = PBXFileReference; explicitFileType = wrapper.application; includeInIndex = 0; path = MetalHUDHelper.app; sourceTree = BUILT_PRODUCTS_DIR; };
/* End PBXFileReference section */

/* Begin PBXFileSystemSynchronizedBuildFileExceptionSet section */
		6399DA992DB4480E000696F0 /* Exceptions for "MetalHUDHelper" folder in "MetalHUDHelper" target */ = {
			isa = PBXFileSystemSynchronizedBuildFileExceptionSet;
			membershipExceptions = (
				Info.plist,
			);
			target = 63E5AC352D974CE50084B47E /* MetalHUDHelper */;
		};
/* End PBXFileSystemSynchronizedBuildFileExceptionSet section */

/* Begin PBXFileSystemSynchronizedRootGroup section */
		635B0BD72E42B4AC0002BBB4 /* MetalHUDHelperWidget */ = {
			isa = PBXFileSystemSynchronizedRootGroup;
			path = MetalHUDHelperWidget;
			sourceTree = "<group>";
		};
		63E5AC382D974CE50084B47E /* MetalHUDHelper */ = {
			isa = PBXFileSystemSynchronizedRootGroup;
			exceptions = (
				6399DA992DB4480E000696F0 /* Exceptions for "MetalHUDHelper" folder in "MetalHUDHelper" target */,
			);
			path = MetalHUDHelper;
			sourceTree = "<group>";
		};
/* End PBXFileSystemSynchronizedRootGroup section */

/* Begin PBXFrameworksBuildPhase section */
		635B0BED2E42BAD10002BBB4 /* Frameworks */ = {
			isa = PBXFrameworksBuildPhase;
			buildActionMask = 2147483647;
			files = (
				63ACE1272E95BF310068AA9B /* LaunchAtLogin in Frameworks */,
				635B0BF22E42BAD20002BBB4 /* SwiftUI.framework in Frameworks */,
				635B0BF12E42BAD20002BBB4 /* WidgetKit.framework in Frameworks */,
			);
			runOnlyForDeploymentPostprocessing = 0;
		};
		63E5AC332D974CE50084B47E /* Frameworks */ = {
			isa = PBXFrameworksBuildPhase;
			buildActionMask = 2147483647;
			files = (
				63CD97CA2E97135C00F91B4D /* LaunchAtLogin in Frameworks */,
			);
			runOnlyForDeploymentPostprocessing = 0;
		};
/* End PBXFrameworksBuildPhase section */

/* Begin PBXGroup section */
		635B0BD22E42B4AC0002BBB4 /* Frameworks */ = {
			isa = PBXGroup;
			children = (
				635B0BD32E42B4AC0002BBB4 /* WidgetKit.framework */,
				635B0BD52E42B4AC0002BBB4 /* SwiftUI.framework */,
			);
			name = Frameworks;
			sourceTree = "<group>";
		};
		63E5AC2D2D974CE50084B47E = {
			isa = PBXGroup;
			children = (
				63E5AC382D974CE50084B47E /* MetalHUDHelper */,
				635B0BD72E42B4AC0002BBB4 /* MetalHUDHelperWidget */,
				635B0BD22E42B4AC0002BBB4 /* Frameworks */,
				63E5AC372D974CE50084B47E /* Products */,
				633CE0F12DC037D70051AFF1 /* ExportOptions.plist */,
			);
			sourceTree = "<group>";
		};
		63E5AC372D974CE50084B47E /* Products */ = {
			isa = PBXGroup;
			children = (
				63E5AC362D974CE50084B47E /* MetalHUDHelper.app */,
				635B0BF02E42BAD10002BBB4 /* MetalHUDHelperWidgetExtension.appex */,
			);
			name = Products;
			sourceTree = "<group>";
		};
/* End PBXGroup section */

/* Begin PBXNativeTarget section */
		635B0BEF2E42BAD10002BBB4 /* MetalHUDHelperWidgetExtension */ = {
			isa = PBXNativeTarget;
			buildConfigurationList = 635B0C022E42BAD30002BBB4 /* Build configuration list for PBXNativeTarget "MetalHUDHelperWidgetExtension" */;
			buildPhases = (
				635B0BEC2E42BAD10002BBB4 /* Sources */,
				635B0BED2E42BAD10002BBB4 /* Frameworks */,
				635B0BEE2E42BAD10002BBB4 /* Resources */,
			);
			buildRules = (
			);
			dependencies = (
			);
			fileSystemSynchronizedGroups = (
				635B0BD72E42B4AC0002BBB4 /* MetalHUDHelperWidget */,
			);
			name = MetalHUDHelperWidgetExtension;
			packageProductDependencies = (
				63ACE1262E95BF310068AA9B /* LaunchAtLogin */,
			);
			productName = MetalHUDHelperWidgetExtension;
			productReference = 635B0BF02E42BAD10002BBB4 /* MetalHUDHelperWidgetExtension.appex */;
			productType = "com.apple.product-type.app-extension";
		};
		63E5AC352D974CE50084B47E /* MetalHUDHelper */ = {
			isa = PBXNativeTarget;
			buildConfigurationList = 63E5AC452D974CE70084B47E /* Build configuration list for PBXNativeTarget "MetalHUDHelper" */;
			buildPhases = (
				63E5AC322D974CE50084B47E /* Sources */,
				63E5AC332D974CE50084B47E /* Frameworks */,
				63E5AC342D974CE50084B47E /* Resources */,
				635B0C062E42BAD30002BBB4 /* Embed Foundation Extensions */,
			);
			buildRules = (
			);
			dependencies = (
				635B0C002E42BAD30002BBB4 /* PBXTargetDependency */,
			);
			fileSystemSynchronizedGroups = (
				63E5AC382D974CE50084B47E /* MetalHUDHelper */,
			);
			name = MetalHUDHelper;
			packageProductDependencies = (
				63CD97C92E97135C00F91B4D /* LaunchAtLogin */,
			);
			productName = MetalHUDHelper;
			productReference = 63E5AC362D974CE50084B47E /* MetalHUDHelper.app */;
			productType = "com.apple.product-type.application";
		};
/* End PBXNativeTarget section */

/* Begin PBXProject section */
		63E5AC2E2D974CE50084B47E /* Project object */ = {
			isa = PBXProject;
			attributes = {
				BuildIndependentTargetsInParallel = 1;
				LastSwiftUpdateCheck = 2600;
				LastUpgradeCheck = 2600;
				TargetAttributes = {
					635B0BEF2E42BAD10002BBB4 = {
						CreatedOnToolsVersion = 26.0;
						LastSwiftMigration = 2600;
					};
					63E5AC352D974CE50084B47E = {
						CreatedOnToolsVersion = 16.2;
					};
				};
			};
			buildConfigurationList = 63E5AC312D974CE50084B47E /* Build configuration list for PBXProject "MetalHUDHelper" */;
			developmentRegion = en;
			hasScannedForEncodings = 0;
			knownRegions = (
				en,
				Base,
			);
			mainGroup = 63E5AC2D2D974CE50084B47E;
			minimizedProjectReferenceProxies = 1;
			packageReferences = (
				63ACE1252E95BF310068AA9B /* XCRemoteSwiftPackageReference "LaunchAtLogin-Modern" */,
			);
			preferredProjectObjectVersion = 77;
			productRefGroup = 63E5AC372D974CE50084B47E /* Products */;
			projectDirPath = "";
			projectRoot = "";
			targets = (
				63E5AC352D974CE50084B47E /* MetalHUDHelper */,
				635B0BEF2E42BAD10002BBB4 /* MetalHUDHelperWidgetExtension */,
			);
		};
/* End PBXProject section */

/* Begin PBXResourcesBuildPhase section */
		635B0BEE2E42BAD10002BBB4 /* Resources */ = {
			isa = PBXResourcesBuildPhase;
			buildActionMask = 2147483647;
			files = (
			);
			runOnlyForDeploymentPostprocessing = 0;
		};
		63E5AC342D974CE50084B47E /* Resources */ = {
			isa = PBXResourcesBuildPhase;
			buildActionMask = 2147483647;
			files = (
				633CE0F22DC037D70051AFF1 /* ExportOptions.plist in Resources */,
			);
			runOnlyForDeploymentPostprocessing = 0;
		};
/* End PBXResourcesBuildPhase section */

/* Begin PBXSourcesBuildPhase section */
		635B0BEC2E42BAD10002BBB4 /* Sources */ = {
			isa = PBXSourcesBuildPhase;
			buildActionMask = 2147483647;
			files = (
				63CD98A12E9720000F91B4D1 /* MetalHUDShared.swift in Sources */,
			);
			runOnlyForDeploymentPostprocessing = 0;
		};
		63E5AC322D974CE50084B47E /* Sources */ = {
			isa = PBXSourcesBuildPhase;
			buildActionMask = 2147483647;
			files = (
			);
			runOnlyForDeploymentPostprocessing = 0;
		};
/* End PBXSourcesBuildPhase section */

/* Begin PBXTargetDependency section */
		635B0C002E42BAD30002BBB4 /* PBXTargetDependency */ = {
			isa = PBXTargetDependency;
			target = 635B0BEF2E42BAD10002BBB4 /* MetalHUDHelperWidgetExtension */;
			targetProxy = 635B0BFF2E42BAD30002BBB4 /* PBXContainerItemProxy */;
		};
/* End PBXTargetDependency section */

/* Begin XCBuildConfiguration section */
		635B0C032E42BAD30002BBB4 /* Debug */ = {
			isa = XCBuildConfiguration;
			buildSettings = {
				ASSETCATALOG_COMPILER_GLOBAL_ACCENT_COLOR_NAME = AccentColor;
				ASSETCATALOG_COMPILER_WIDGET_BACKGROUND_COLOR_NAME = WidgetBackground;
				CLANG_ENABLE_MODULES = YES;
				CODE_SIGN_ENTITLEMENTS = MetalHUDHelperWidget/MetalHUDHelperWidget.entitlements;
				"CODE_SIGN_IDENTITY[sdk=macosx*]" = "Apple Development";
				CODE_SIGN_STYLE = Automatic;
				CURRENT_PROJECT_VERSION = 202608312053;
				DEVELOPMENT_TEAM = ZV389CJJBX;
				ENABLE_APP_SANDBOX = YES;
				ENABLE_HARDENED_RUNTIME = YES;
				GENERATE_INFOPLIST_FILE = YES;
				INFOPLIST_FILE = MetalHUDHelperWidget/Info.plist;
				INFOPLIST_KEY_CFBundleDisplayName = MetalHUDHelperWidget;
				INFOPLIST_KEY_NSHumanReadableCopyright = "© 2025 oli/wonders. All rights reserved.";
				LD_RUNPATH_SEARCH_PATHS = (
					"$(inherited)",
					"@executable_path/../Frameworks",
					"@executable_path/../../../../Frameworks",
				);
				MACOSX_DEPLOYMENT_TARGET = 26.0;
				MARKETING_VERSION = 1.2.1;
				PRODUCT_BUNDLE_IDENTIFIER = com.oliwonders.MetalHUDHelper.MetalHUDHelperWidget;
				PRODUCT_NAME = "$(TARGET_NAME)";
				REGISTER_APP_GROUPS = YES;
				SKIP_INSTALL = YES;
				STRING_CATALOG_GENERATE_SYMBOLS = YES;
				SWIFT_APPROACHABLE_CONCURRENCY = YES;
				SWIFT_EMIT_LOC_STRINGS = YES;
				SWIFT_OPTIMIZATION_LEVEL = "-Onone";
				SWIFT_UPCOMING_FEATURE_MEMBER_IMPORT_VISIBILITY = YES;
				SWIFT_VERSION = 6.0;
			};
			name = Debug;
		};
		635B0C042E42BAD30002BBB4 /* Release */ = {
			isa = XCBuildConfiguration;
			buildSettings = {
				ASSETCATALOG_COMPILER_GLOBAL_ACCENT_COLOR_NAME = AccentColor;
				ASSETCATALOG_COMPILER_WIDGET_BACKGROUND_COLOR_NAME = WidgetBackground;
				CLANG_ENABLE_MODULES = YES;
				CODE_SIGN_ENTITLEMENTS = MetalHUDHelperWidget/MetalHUDHelperWidget.entitlements;
				"CODE_SIGN_IDENTITY[sdk=macosx*]" = "Apple Development";
				CODE_SIGN_STYLE = Automatic;
				CURRENT_PROJECT_VERSION = 202608312053;
				DEVELOPMENT_TEAM = ZV389CJJBX;
				ENABLE_APP_SANDBOX = YES;
				ENABLE_HARDENED_RUNTIME = YES;
				GENERATE_INFOPLIST_FILE = YES;
				INFOPLIST_FILE = MetalHUDHelperWidget/Info.plist;
				INFOPLIST_KEY_CFBundleDisplayName = MetalHUDHelperWidget;
				INFOPLIST_KEY_NSHumanReadableCopyright = "© 2025 oli/wonders. All rights reserved.";
				LD_RUNPATH_SEARCH_PATHS = (
					"$(inherited)",
					"@executable_path/../Frameworks",
					"@executable_path/../../../../Frameworks",
				);
				MACOSX_DEPLOYMENT_TARGET = 26.0;
				MARKETING_VERSION = 1.2.1;
				PRODUCT_BUNDLE_IDENTIFIER = com.oliwonders.MetalHUDHelper.MetalHUDHelperWidget;
				PRODUCT_NAME = "$(TARGET_NAME)";
				REGISTER_APP_GROUPS = YES;
				SKIP_INSTALL = YES;
				STRING_CATALOG_GENERATE_SYMBOLS = YES;
				SWIFT_APPROACHABLE_CONCURRENCY = YES;
				SWIFT_EMIT_LOC_STRINGS = YES;
				SWIFT_UPCOMING_FEATURE_MEMBER_IMPORT_VISIBILITY = YES;
				SWIFT_VERSION = 6.0;
			};
			name = Release;
		};
		63E5AC432D974CE70084B47E /* Debug */ = {
			isa = XCBuildConfiguration;
			buildSettings = {
				ALWAYS_SEARCH_USER_PATHS = NO;
				ASSETCATALOG_COMPILER_GENERATE_SWIFT_ASSET_SYMBOL_EXTENSIONS = YES;
				CLANG_ANALYZER_NONNULL = YES;
				CLANG_ANALYZER_NUMBER_OBJECT_CONVERSION = YES_AGGRESSIVE;
				CLANG_CXX_LANGUAGE_STANDARD = "gnu++20";
				CLANG_ENABLE_MODULES = YES;
				CLANG_ENABLE_OBJC_ARC = YES;
				CLANG_ENABLE_OBJC_WEAK = YES;
				CLANG_WARN_BLOCK_CAPTURE_AUTORELEASING = YES;
				CLANG_WARN_BOOL_CONVERSION = YES;
				CLANG_WARN_COMMA = YES;
				CLANG_WARN_CONSTANT_CONVERSION = YES;
				CLANG_WARN_DEPRECATED_OBJC_IMPLEMENTATIONS = YES;
				CLANG_WARN_DIRECT_OBJC_ISA_USAGE = YES_ERROR;
				CLANG_WARN_DOCUMENTATION_COMMENTS = YES;
				CLANG_WARN_EMPTY_BODY = YES;
				CLANG_WARN_ENUM_CONVERSION = YES;
				CLANG_WARN_INFINITE_RECURSION = YES;
				CLANG_WARN_INT_CONVERSION = YES;
				CLANG_WARN_NON_LITERAL_NULL_CONVERSION = YES;
				CLANG_WARN_OBJC_IMPLICIT_RETAIN_SELF = YES;
				CLANG_WARN_OBJC_LITERAL_CONVERSION = YES;
				CLANG_WARN_OBJC_ROOT_CLASS = YES_ERROR;
				CLANG_WARN_QUOTED_INCLUDE_IN_FRAMEWORK_HEADER = YES;
				CLANG_WARN_RANGE_LOOP_ANALYSIS = YES;
				CLANG_WARN_STRICT_PROTOTYPES = YES;
				CLANG_WARN_SUSPICIOUS_MOVE = YES;
				CLANG_WARN_UNGUARDED_AVAILABILITY = YES_AGGRESSIVE;
				CLANG_WARN_UNREACHABLE_CODE = YES;
				CLANG_WARN__DUPLICATE_METHOD_MATCH = YES;
				COPY_PHASE_STRIP = NO;
				DEAD_CODE_STRIPPING = YES;
				DEBUG_INFORMATION_FORMAT = dwarf;
				DEVELOPMENT_TEAM = ZV389CJJBX;
				ENABLE_STRICT_OBJC_MSGSEND = YES;
				ENABLE_TESTABILITY = YES;
				ENABLE_USER_SCRIPT_SANDBOXING = YES;
				GCC_C_LANGUAGE_STANDARD = gnu17;
				GCC_DYNAMIC_NO_PIC = NO;
				GCC_NO_COMMON_BLOCKS = YES;
				GCC_OPTIMIZATION_LEVEL = 0;
				GCC_PREPROCESSOR_DEFINITIONS = (
					"DEBUG=1",
					"$(inherited)",
				);
				GCC_WARN_64_TO_32_BIT_CONVERSION = YES;
				GCC_WARN_ABOUT_RETURN_TYPE = YES_ERROR;
				GCC_WARN_UNDECLARED_SELECTOR = YES;
				GCC_WARN_UNINITIALIZED_AUTOS = YES_AGGRESSIVE;
				GCC_WARN_UNUSED_FUNCTION = YES;
				GCC_WARN_UNUSED_VARIABLE = YES;
				LOCALIZATION_PREFERS_STRING_CATALOGS = YES;
				MACOSX_DEPLOYMENT_TARGET = 15.2;
				MTL_ENABLE_DEBUG_INFO = INCLUDE_SOURCE;
				MTL_FAST_MATH = YES;
				ONLY_ACTIVE_ARCH = YES;
				SDKROOT = macosx;
				STRING_CATALOG_GENERATE_SYMBOLS = YES;
				SWIFT_ACTIVE_COMPILATION_CONDITIONS = "DEBUG $(inherited)";
				SWIFT_OPTIMIZATION_LEVEL = "-Onone";
				SWIFT_VERSION = 6.0;
			};
			name = Debug;
		};
		63E5AC442D974CE70084B47E /* Release */ = {
			isa = XCBuildConfiguration;
			buildSettings = {
				ALWAYS_SEARCH_USER_PATHS = NO;
				ASSETCATALOG_COMPILER_GENERATE_SWIFT_ASSET_SYMBOL_EXTENSIONS = YES;
				CLANG_ANALYZER_NONNULL = YES;
				CLANG_ANALYZER_NUMBER_OBJECT_CONVERSION = YES_AGGRESSIVE;
				CLANG_CXX_LANGUAGE_STANDARD = "gnu++20";
				CLANG_ENABLE_MODULES = YES;
				CLANG_ENABLE_OBJC_ARC = YES;
				CLANG_ENABLE_OBJC_WEAK = YES;
				CLANG_WARN_BLOCK_CAPTURE_AUTORELEASING = YES;
				CLANG_WARN_BOOL_CONVERSION = YES;
				CLANG_WARN_COMMA = YES;
				CLANG_WARN_CONSTANT_CONVERSION = YES;
				CLANG_WARN_DEPRECATED_OBJC_IMPLEMENTATIONS = YES;
				CLANG_WARN_DIRECT_OBJC_ISA_USAGE = YES_ERROR;
				CLANG_WARN_DOCUMENTATION_COMMENTS = YES;
				CLANG_WARN_EMPTY_BODY = YES;
				CLANG_WARN_ENUM_CONVERSION = YES;
				CLANG_WARN_INFINITE_RECURSION = YES;
				CLANG_WARN_INT_CONVERSION = YES;
				CLANG_WARN_NON_LITERAL_NULL_CONVERSION = YES;
				CLANG_WARN_OBJC_IMPLICIT_RETAIN_SELF = YES;
				CLANG_WARN_OBJC_LITERAL_CONVERSION = YES;
				CLANG_WARN_OBJC_ROOT_CLASS = YES_ERROR;
				CLANG_WARN_QUOTED_INCLUDE_IN_FRAMEWORK_HEADER = YES;
				CLANG_WARN_RANGE_LOOP_ANALYSIS = YES;
				CLANG_WARN_STRICT_PROTOTYPES = YES;
				CLANG_WARN_SUSPICIOUS_MOVE = YES;
				CLANG_WARN_UNGUARDED_AVAILABILITY = YES_AGGRESSIVE;
				CLANG_WARN_UNREACHABLE_CODE = YES;
				CLANG_WARN__DUPLICATE_METHOD_MATCH = YES;
				COPY_PHASE_STRIP = NO;
				DEAD_CODE_STRIPPING = YES;
				DEBUG_INFORMATION_FORMAT = "dwarf-with-dsym";
				DEVELOPMENT_TEAM = ZV389CJJBX;
				ENABLE_NS_ASSERTIONS = NO;
				ENABLE_STRICT_OBJC_MSGSEND = YES;
				ENABLE_USER_SCRIPT_SANDBOXING = YES;
				GCC_C_LANGUAGE_STANDARD = gnu17;
				GCC_NO_COMMON_BLOCKS = YES;
				GCC_WARN_64_TO_32_BIT_CONVERSION = YES;
				GCC_WARN_ABOUT_RETURN_TYPE = YES_ERROR;
				GCC_WARN_UNDECLARED_SELECTOR = YES;
				GCC_WARN_UNINITIALIZED_AUTOS = YES_AGGRESSIVE;
				GCC_WARN_UNUSED_FUNCTION = YES;
				GCC_WARN_UNUSED_VARIABLE = YES;
				LOCALIZATION_PREFERS_STRING_CATALOGS = YES;
				MACOSX_DEPLOYMENT_TARGET = 15.2;
				MTL_ENABLE_DEBUG_INFO = NO;
				MTL_FAST_MATH = YES;
				SDKROOT = macosx;
				STRING_CATALOG_GENERATE_SYMBOLS = YES;
				SWIFT_COMPILATION_MODE = wholemodule;
				SWIFT_VERSION = 6.0;
			};
			name = Release;
		};
		63E5AC462D974CE70084B47E /* Debug */ = {
			isa = XCBuildConfiguration;
			buildSettings = {
				ASSETCATALOG_COMPILER_APPICON_NAME = AppIcon;
				ASSETCATALOG_COMPILER_GLOBAL_ACCENT_COLOR_NAME = AccentColor;
				ASSETCATALOG_COMPILER_INCLUDE_ALL_APPICON_ASSETS = YES;
				CODE_SIGN_ENTITLEMENTS = MetalHUDHelper/MetalHUDHelper.entitlements;
				"CODE_SIGN_IDENTITY[sdk=macosx*]" = "Apple Development";
				CODE_SIGN_STYLE = Automatic;
				COMBINE_HIDPI_IMAGES = YES;
				CURRENT_PROJECT_VERSION = 202608312053;
				DEAD_CODE_STRIPPING = YES;
				DEVELOPMENT_ASSET_PATHS = "\"MetalHUDHelper/Preview Content\"";
				DEVELOPMENT_TEAM = ZV389CJJBX;
				ENABLE_APP_SANDBOX = NO;
				ENABLE_HARDENED_RUNTIME = YES;
				ENABLE_PREVIEWS = YES;
				ENABLE_USER_SELECTED_FILES = readonly;
				GENERATE_INFOPLIST_FILE = YES;
				INFOPLIST_FILE = MetalHUDHelper/Info.plist;
				INFOPLIST_KEY_CFBundleDisplayName = MetalHUDHelper;
				INFOPLIST_KEY_LSApplicationCategoryType = "public.app-category.utilities";
				INFOPLIST_KEY_LSUIElement = YES;
				INFOPLIST_KEY_NSHumanReadableCopyright = "© 2025 oli/wonders. All rights reserved.";
				LD_RUNPATH_SEARCH_PATHS = (
					"$(inherited)",
					"@executable_path/../Frameworks",
				);
				MACOSX_DEPLOYMENT_TARGET = 15.0;
				MARKETING_VERSION = 1.2.1;
				PRODUCT_BUNDLE_IDENTIFIER = com.oliwonders.MetalHUDHelper;
				PRODUCT_NAME = "$(TARGET_NAME)";
				REGISTER_APP_GROUPS = YES;
				SWIFT_EMIT_LOC_STRINGS = YES;
				SWIFT_VERSION = 6.0;
			};
			name = Debug;
		};
		63E5AC472D974CE70084B47E /* Release */ = {
			isa = XCBuildConfiguration;
			buildSettings = {
				ASSETCATALOG_COMPILER_APPICON_NAME = AppIcon;
				ASSETCATALOG_COMPILER_GLOBAL_ACCENT_COLOR_NAME = AccentColor;
				ASSETCATALOG_COMPILER_INCLUDE_ALL_APPICON_ASSETS = YES;
				CODE_SIGN_ENTITLEMENTS = MetalHUDHelper/MetalHUDHelper.entitlements;
				"CODE_SIGN_IDENTITY[sdk=macosx*]" = "Apple Development";
				CODE_SIGN_STYLE = Automatic;
				COMBINE_HIDPI_IMAGES = YES;
				CURRENT_PROJECT_VERSION = 202608312053;
				DEAD_CODE_STRIPPING = YES;
				DEVELOPMENT_ASSET_PATHS = "\"MetalHUDHelper/Preview Content\"";
				DEVELOPMENT_TEAM = ZV389CJJBX;
				ENABLE_APP_SANDBOX = NO;
				ENABLE_HARDENED_RUNTIME = YES;
				ENABLE_PREVIEWS = YES;
				ENABLE_USER_SELECTED_FILES = readonly;
				GENERATE_INFOPLIST_FILE = YES;
				INFOPLIST_FILE = MetalHUDHelper/Info.plist;
				INFOPLIST_KEY_CFBundleDisplayName = MetalHUDHelper;
				INFOPLIST_KEY_LSApplicationCategoryType = "public.app-category.utilities";
				INFOPLIST_KEY_LSUIElement = YES;
				INFOPLIST_KEY_NSHumanReadableCopyright = "© 2025 oli/wonders. All rights reserved.";
				LD_RUNPATH_SEARCH_PATHS = (
					"$(inherited)",
					"@executable_path/../Frameworks",
				);
				MACOSX_DEPLOYMENT_TARGET = 15.0;
				MARKETING_VERSION = 1.2.1;
				PRODUCT_BUNDLE_IDENTIFIER = com.oliwonders.MetalHUDHelper;
				PRODUCT_NAME = "$(TARGET_NAME)";
				REGISTER_APP_GROUPS = YES;
				SWIFT_EMIT_LOC_STRINGS = YES;
				SWIFT_VERSION = 6.0;
			};
			name = Release;
		};
/* End XCBuildConfiguration section */

/* Begin XCConfigurationList section */
		635B0C022E42BAD30002BBB4 /* Build configuration list for PBXNativeTarget "MetalHUDHelperWidgetExtension" */ = {
			isa = XCConfigurationList;
			buildConfigurations = (
				635B0C032E42BAD30002BBB4 /* Debug */,
				635B0C042E42BAD30002BBB4 /* Release */,
			);
			defaultConfigurationIsVisible = 0;
			defaultConfigurationName = Release;
		};
		63E5AC312D974CE50084B47E /* Build configuration list for PBXProject "MetalHUDHelper" */ = {
			isa = XCConfigurationList;
			buildConfigurations = (
				63E5AC432D974CE70084B47E /* Debug */,
				63E5AC442D974CE70084B47E /* Release */,
			);
			defaultConfigurationIsVisible = 0;
			defaultConfigurationName = Release;
		};
		63E5AC452D974CE70084B47E /* Build configuration list for PBXNativeTarget "MetalHUDHelper" */ = {
			isa = XCConfigurationList;
			buildConfigurations = (
				63E5AC462D974CE70084B47E /* Debug */,
				63E5AC472D974CE70084B47E /* Release */,
			);
			defaultConfigurationIsVisible = 0;
			defaultConfigurationName = Release;
		};
/* End XCConfigurationList section */

/* Begin XCRemoteSwiftPackageReference section */
		63ACE1252E95BF310068AA9B /* XCRemoteSwiftPackageReference "LaunchAtLogin-Modern" */ = {
			isa = XCRemoteSwiftPackageReference;
			repositoryURL = "https://github.com/sindresorhus/LaunchAtLogin-Modern";
			requirement = {
				branch = main;
				kind = branch;
			};
		};
/* End XCRemoteSwiftPackageReference section */

/* Begin XCSwiftPackageProductDependency section */
		63ACE1262E95BF310068AA9B /* LaunchAtLogin */ = {
			isa = XCSwiftPackageProductDependency;
			package = 63ACE1252E95BF310068AA9B /* XCRemoteSwiftPackageReference "LaunchAtLogin-Modern" */;
			productName = LaunchAtLogin;
		};
		63CD97C92E97135C00F91B4D /* LaunchAtLogin */ = {
			isa = XCSwiftPackageProductDependency;
			package = 63ACE1252E95BF310068AA9B /* XCRemoteSwiftPackageReference "LaunchAtLogin-Modern" */;
			productName = LaunchAtLogin;
		};
/* End XCSwiftPackageProductDependency section */
	};
	rootObject = 63E5AC2E2D974CE50084B47E /* Project object */;
}
